
Microsoft Visual Studio Solution File, Format Version 12.00
# Visual Studio Version 16
VisualStudioVersion = 16.0.29609.76
MinimumVisualStudioVersion = 10.0.40219.1
Project("{FAE04EC0-301F-11D3-BF4B-00C04F79EFBC}") = "PrismDemo", "PrismDemo\PrismDemo\PrismDemo.csproj", "{CAE1A68F-F408-4930-8CAF-4D365BFCDB67}"
EndProject
Project("{FAE04EC0-301F-11D3-BF4B-00C04F79EFBC}") = "PrismDemo.Android", "PrismDemo\PrismDemo.Android\PrismDemo.Android.csproj", "{890C1072-051D-48D5-96BF-54D08B20A99B}"
EndProject
Project("{FAE04EC0-301F-11D3-BF4B-00C04F79EFBC}") = "PrismDemo.iOS", "PrismDemo\PrismDemo.iOS\PrismDemo.iOS.csproj", "{895617A0-EAA7-4606-AEC5-7E1F2D93665A}"
EndProject
Project("{FAE04EC0-301F-11D3-BF4B-00C04F79EFBC}") = "PrismDemo.UWP", "PrismDemo\PrismDemo.UWP\PrismDemo.UWP.csproj", "{FD90F699-0406-458D-9B4F-EDBCD72C8CAD}"
EndProject
Global
	GlobalSection(SolutionConfigurationPlatforms) = preSolution
		Ad-Hoc|Any CPU = Ad-Hoc|Any CPU
		Ad-Hoc|ARM = Ad-Hoc|ARM
		Ad-Hoc|iPhone = Ad-Hoc|iPhone
		Ad-Hoc|iPhoneSimulator = Ad-Hoc|iPhoneSimulator
		Ad-Hoc|x64 = Ad-Hoc|x64
		Ad-Hoc|x86 = Ad-Hoc|x86
		AppStore|Any CPU = AppStore|Any CPU
		AppStore|ARM = AppStore|ARM
		AppStore|iPhone = AppStore|iPhone
		AppStore|iPhoneSimulator = AppStore|iPhoneSimulator
		AppStore|x64 = AppStore|x64
		AppStore|x86 = AppStore|x86
		Debug|Any CPU = Debug|Any CPU
		Debug|ARM = Debug|ARM
		Debug|iPhone = Debug|iPhone
		Debug|iPhoneSimulator = Debug|iPhoneSimulator
		Debug|x64 = Debug|x64
		Debug|x86 = Debug|x86
		Release|Any CPU = Release|Any CPU
		Release|ARM = Release|ARM
		Release|iPhone = Release|iPhone
		Release|iPhoneSimulator = Release|iPhoneSimulator
		Release|x64 = Release|x64
		Release|x86 = Release|x86
	EndGlobalSection
	GlobalSection(ProjectConfigurationPlatforms) = postSolution
		{CAE1A68F-F408-4930-8CAF-4D365BFCDB67}.Ad-Hoc|Any CPU.ActiveCfg = Debug|Any CPU
		{CAE1A68F-F408-4930-8CAF-4D365BFCDB67}.Ad-Hoc|Any CPU.Build.0 = Debug|Any CPU
		{CAE1A68F-F408-4930-8CAF-4D365BFCDB67}.Ad-Hoc|ARM.ActiveCfg = Debug|Any CPU
		{CAE1A68F-F408-4930-8CAF-4D365BFCDB67}.Ad-Hoc|ARM.Build.0 = Debug|Any CPU
		{CAE1A68F-F408-4930-8CAF-4D365BFCDB67}.Ad-Hoc|iPhone.ActiveCfg = Debug|Any CPU
		{CAE1A68F-F408-4930-8CAF-4D365BFCDB67}.Ad-Hoc|iPhone.Build.0 = Debug|Any CPU
		{CAE1A68F-F408-4930-8CAF-4D365BFCDB67}.Ad-Hoc|iPhoneSimulator.ActiveCfg = Debug|Any CPU
		{CAE1A68F-F408-4930-8CAF-4D365BFCDB67}.Ad-Hoc|iPhoneSimulator.Build.0 = Debug|Any CPU
		{CAE1A68F-F408-4930-8CAF-4D365BFCDB67}.Ad-Hoc|x64.ActiveCfg = Debug|Any CPU
		{CAE1A68F-F408-4930-8CAF-4D365BFCDB67}.Ad-Hoc|x64.Build.0 = Debug|Any CPU
		{CAE1A68F-F408-4930-8CAF-4D365BFCDB67}.Ad-Hoc|x86.ActiveCfg = Debug|Any CPU
		{CAE1A68F-F408-4930-8CAF-4D365BFCDB67}.Ad-Hoc|x86.Build.0 = Debug|Any CPU
		{CAE1A68F-F408-4930-8CAF-4D365BFCDB67}.AppStore|Any CPU.ActiveCfg = Debug|Any CPU
		{CAE1A68F-F408-4930-8CAF-4D365BFCDB67}.AppStore|Any CPU.Build.0 = Debug|Any CPU
		{CAE1A68F-F408-4930-8CAF-4D365BFCDB67}.AppStore|ARM.ActiveCfg = Debug|Any CPU
		{CAE1A68F-F408-4930-8CAF-4D365BFCDB67}.AppStore|ARM.Build.0 = Debug|Any CPU
		{CAE1A68F-F408-4930-8CAF-4D365BFCDB67}.AppStore|iPhone.ActiveCfg = Debug|Any CPU
		{CAE1A68F-F408-4930-8CAF-4D365BFCDB67}.AppStore|iPhone.Build.0 = Debug|Any CPU
		{CAE1A68F-F408-4930-8CAF-4D365BFCDB67}.AppStore|iPhoneSimulator.ActiveCfg = Debug|Any CPU
		{CAE1A68F-F408-4930-8CAF-4D365BFCDB67}.AppStore|iPhoneSimulator.Build.0 = Debug|Any CPU
		{CAE1A68F-F408-4930-8CAF-4D365BFCDB67}.AppStore|x64.ActiveCfg = Debug|Any CPU
		{CAE1A68F-F408-4930-8CAF-4D365BFCDB67}.AppStore|x64.Build.0 = Debug|Any CPU
		{CAE1A68F-F408-4930-8CAF-4D365BFCDB67}.AppStore|x86.ActiveCfg = Debug|Any CPU
		{CAE1A68F-F408-4930-8CAF-4D365BFCDB67}.AppStore|x86.Build.0 = Debug|Any CPU
		{CAE1A68F-F408-4930-8CAF-4D365BFCDB67}.Debug|Any CPU.ActiveCfg = Debug|Any CPU
		{CAE1A68F-F408-4930-8CAF-4D365BFCDB67}.Debug|Any CPU.Build.0 = Debug|Any CPU
		{CAE1A68F-F408-4930-8CAF-4D365BFCDB67}.Debug|ARM.ActiveCfg = Debug|Any CPU
		{CAE1A68F-F408-4930-8CAF-4D365BFCDB67}.Debug|ARM.Build.0 = Debug|Any CPU
		{CAE1A68F-F408-4930-8CAF-4D365BFCDB67}.Debug|iPhone.ActiveCfg = Debug|Any CPU
		{CAE1A68F-F408-4930-8CAF-4D365BFCDB67}.Debug|iPhone.Build.0 = Debug|Any CPU
		{CAE1A68F-F408-4930-8CAF-4D365BFCDB67}.Debug|iPhoneSimulator.ActiveCfg = Debug|Any CPU
		{CAE1A68F-F408-4930-8CAF-4D365BFCDB67}.Debug|iPhoneSimulator.Build.0 = Debug|Any CPU
		{CAE1A68F-F408-4930-8CAF-4D365BFCDB67}.Debug|x64.ActiveCfg = Debug|Any CPU
		{CAE1A68F-F408-4930-8CAF-4D365BFCDB67}.Debug|x64.Build.0 = Debug|Any CPU
		{CAE1A68F-F408-4930-8CAF-4D365BFCDB67}.Debug|x86.ActiveCfg = Debug|Any CPU
		{CAE1A68F-F408-4930-8CAF-4D365BFCDB67}.Debug|x86.Build.0 = Debug|Any CPU
		{CAE1A68F-F408-4930-8CAF-4D365BFCDB67}.Release|Any CPU.ActiveCfg = Release|Any CPU
		{CAE1A68F-F408-4930-8CAF-4D365BFCDB67}.Release|Any CPU.Build.0 = Release|Any CPU
		{CAE1A68F-F408-4930-8CAF-4D365BFCDB67}.Release|ARM.ActiveCfg = Release|Any CPU
		{CAE1A68F-F408-4930-8CAF-4D365BFCDB67}.Release|ARM.Build.0 = Release|Any CPU
		{CAE1A68F-F408-4930-8CAF-4D365BFCDB67}.Release|iPhone.ActiveCfg = Release|Any CPU
		{CAE1A68F-F408-4930-8CAF-4D365BFCDB67}.Release|iPhone.Build.0 = Release|Any CPU
		{CAE1A68F-F408-4930-8CAF-4D365BFCDB67}.Release|iPhoneSimulator.ActiveCfg = Release|Any CPU
		{CAE1A68F-F408-4930-8CAF-4D365BFCDB67}.Release|iPhoneSimulator.Build.0 = Release|Any CPU
		{CAE1A68F-F408-4930-8CAF-4D365BFCDB67}.Release|x64.ActiveCfg = Release|Any CPU
		{CAE1A68F-F408-4930-8CAF-4D365BFCDB67}.Release|x64.Build.0 = Release|Any CPU
		{CAE1A68F-F408-4930-8CAF-4D365BFCDB67}.Release|x86.ActiveCfg = Release|Any CPU
		{CAE1A68F-F408-4930-8CAF-4D365BFCDB67}.Release|x86.Build.0 = Release|Any CPU
		{890C1072-051D-48D5-96BF-54D08B20A99B}.Ad-Hoc|Any CPU.ActiveCfg = Release|Any CPU
		{890C1072-051D-48D5-96BF-54D08B20A99B}.Ad-Hoc|Any CPU.Build.0 = Release|Any CPU
		{890C1072-051D-48D5-96BF-54D08B20A99B}.Ad-Hoc|Any CPU.Deploy.0 = Release|Any CPU
		{890C1072-051D-48D5-96BF-54D08B20A99B}.Ad-Hoc|ARM.ActiveCfg = Release|Any CPU
		{890C1072-051D-48D5-96BF-54D08B20A99B}.Ad-Hoc|ARM.Build.0 = Release|Any CPU
		{890C1072-051D-48D5-96BF-54D08B20A99B}.Ad-Hoc|ARM.Deploy.0 = Release|Any CPU
		{890C1072-051D-48D5-96BF-54D08B20A99B}.Ad-Hoc|iPhone.ActiveCfg = Release|Any CPU
		{890C1072-051D-48D5-96BF-54D08B20A99B}.Ad-Hoc|iPhone.Build.0 = Release|Any CPU
		{890C1072-051D-48D5-96BF-54D08B20A99B}.Ad-Hoc|iPhone.Deploy.0 = Release|Any CPU
		{890C1072-051D-48D5-96BF-54D08B20A99B}.Ad-Hoc|iPhoneSimulator.ActiveCfg = Release|Any CPU
		{890C1072-051D-48D5-96BF-54D08B20A99B}.Ad-Hoc|iPhoneSimulator.Build.0 = Release|Any CPU
		{890C1072-051D-48D5-96BF-54D08B20A99B}.Ad-Hoc|iPhoneSimulator.Deploy.0 = Release|Any CPU
		{890C1072-051D-48D5-96BF-54D08B20A99B}.Ad-Hoc|x64.ActiveCfg = Release|Any CPU
		{890C1072-051D-48D5-96BF-54D08B20A99B}.Ad-Hoc|x64.Build.0 = Release|Any CPU
		{890C1072-051D-48D5-96BF-54D08B20A99B}.Ad-Hoc|x64.Deploy.0 = Release|Any CPU
		{890C1072-051D-48D5-96BF-54D08B20A99B}.Ad-Hoc|x86.ActiveCfg = Release|Any CPU
		{890C1072-051D-48D5-96BF-54D08B20A99B}.Ad-Hoc|x86.Build.0 = Release|Any CPU
		{890C1072-051D-48D5-96BF-54D08B20A99B}.Ad-Hoc|x86.Deploy.0 = Release|Any CPU
		{890C1072-051D-48D5-96BF-54D08B20A99B}.AppStore|Any CPU.ActiveCfg = Release|Any CPU
		{890C1072-051D-48D5-96BF-54D08B20A99B}.AppStore|Any CPU.Build.0 = Release|Any CPU
		{890C1072-051D-48D5-96BF-54D08B20A99B}.AppStore|Any CPU.Deploy.0 = Release|Any CPU
		{890C1072-051D-48D5-96BF-54D08B20A99B}.AppStore|ARM.ActiveCfg = Release|Any CPU
		{890C1072-051D-48D5-96BF-54D08B20A99B}.AppStore|ARM.Build.0 = Release|Any CPU
		{890C1072-051D-48D5-96BF-54D08B20A99B}.AppStore|ARM.Deploy.0 = Release|Any CPU
		{890C1072-051D-48D5-96BF-54D08B20A99B}.AppStore|iPhone.ActiveCfg = Release|Any CPU
		{890C1072-051D-48D5-96BF-54D08B20A99B}.AppStore|iPhone.Build.0 = Release|Any CPU
		{890C1072-051D-48D5-96BF-54D08B20A99B}.AppStore|iPhone.Deploy.0 = Release|Any CPU
		{890C1072-051D-48D5-96BF-54D08B20A99B}.AppStore|iPhoneSimulator.ActiveCfg = Release|Any CPU
		{890C1072-051D-48D5-96BF-54D08B20A99B}.AppStore|iPhoneSimulator.Build.0 = Release|Any CPU
		{890C1072-051D-48D5-96BF-54D08B20A99B}.AppStore|iPhoneSimulator.Deploy.0 = Release|Any CPU
		{890C1072-051D-48D5-96BF-54D08B20A99B}.AppStore|x64.ActiveCfg = Release|Any CPU
		{890C1072-051D-48D5-96BF-54D08B20A99B}.AppStore|x64.Build.0 = Release|Any CPU
		{890C1072-051D-48D5-96BF-54D08B20A99B}.AppStore|x64.Deploy.0 = Release|Any CPU
		{890C1072-051D-48D5-96BF-54D08B20A99B}.AppStore|x86.ActiveCfg = Release|Any CPU
		{890C1072-051D-48D5-96BF-54D08B20A99B}.AppStore|x86.Build.0 = Release|Any CPU
		{890C1072-051D-48D5-96BF-54D08B20A99B}.AppStore|x86.Deploy.0 = Release|Any CPU
		{890C1072-051D-48D5-96BF-54D08B20A99B}.Debug|Any CPU.ActiveCfg = Debug|Any CPU
		{890C1072-051D-48D5-96BF-54D08B20A99B}.Debug|Any CPU.Build.0 = Debug|Any CPU
		{890C1072-051D-48D5-96BF-54D08B20A99B}.Debug|Any CPU.Deploy.0 = Debug|Any CPU
		{890C1072-051D-48D5-96BF-54D08B20A99B}.Debug|ARM.ActiveCfg = Debug|Any CPU
		{890C1072-051D-48D5-96BF-54D08B20A99B}.Debug|ARM.Build.0 = Debug|Any CPU
		{890C1072-051D-48D5-96BF-54D08B20A99B}.Debug|ARM.Deploy.0 = Debug|Any CPU
		{890C1072-051D-48D5-96BF-54D08B20A99B}.Debug|iPhone.ActiveCfg = Debug|Any CPU
		{890C1072-051D-48D5-96BF-54D08B20A99B}.Debug|iPhone.Build.0 = Debug|Any CPU
		{890C1072-051D-48D5-96BF-54D08B20A99B}.Debug|iPhone.Deploy.0 = Debug|Any CPU
		{890C1072-051D-48D5-96BF-54D08B20A99B}.Debug|iPhoneSimulator.ActiveCfg = Debug|Any CPU
		{890C1072-051D-48D5-96BF-54D08B20A99B}.Debug|iPhoneSimulator.Build.0 = Debug|Any CPU
		{890C1072-051D-48D5-96BF-54D08B20A99B}.Debug|iPhoneSimulator.Deploy.0 = Debug|Any CPU
		{890C1072-051D-48D5-96BF-54D08B20A99B}.Debug|x64.ActiveCfg = Debug|Any CPU
		{890C1072-051D-48D5-96BF-54D08B20A99B}.Debug|x64.Build.0 = Debug|Any CPU
		{890C1072-051D-48D5-96BF-54D08B20A99B}.Debug|x64.Deploy.0 = Debug|Any CPU
		{890C1072-051D-48D5-96BF-54D08B20A99B}.Debug|x86.ActiveCfg = Debug|Any CPU
		{890C1072-051D-48D5-96BF-54D08B20A99B}.Debug|x86.Build.0 = Debug|Any CPU
		{890C1072-051D-48D5-96BF-54D08B20A99B}.Debug|x86.Deploy.0 = Debug|Any CPU
		{890C1072-051D-48D5-96BF-54D08B20A99B}.Release|Any CPU.ActiveCfg = Release|Any CPU
		{890C1072-051D-48D5-96BF-54D08B20A99B}.Release|Any CPU.Build.0 = Release|Any CPU
		{890C1072-051D-48D5-96BF-54D08B20A99B}.Release|Any CPU.Deploy.0 = Release|Any CPU
		{890C1072-051D-48D5-96BF-54D08B20A99B}.Release|ARM.ActiveCfg = Release|Any CPU
		{890C1072-051D-48D5-96BF-54D08B20A99B}.Release|ARM.Build.0 = Release|Any CPU
		{890C1072-051D-48D5-96BF-54D08B20A99B}.Release|ARM.Deploy.0 = Release|Any CPU
		{890C1072-051D-48D5-96BF-54D08B20A99B}.Release|iPhone.ActiveCfg = Release|Any CPU
		{890C1072-051D-48D5-96BF-54D08B20A99B}.Release|iPhone.Build.0 = Release|Any CPU
		{890C1072-051D-48D5-96BF-54D08B20A99B}.Release|iPhone.Deploy.0 = Release|Any CPU
		{890C1072-051D-48D5-96BF-54D08B20A99B}.Release|iPhoneSimulator.ActiveCfg = Release|Any CPU
		{890C1072-051D-48D5-96BF-54D08B20A99B}.Release|iPhoneSimulator.Build.0 = Release|Any CPU
		{890C1072-051D-48D5-96BF-54D08B20A99B}.Release|iPhoneSimulator.Deploy.0 = Release|Any CPU
		{890C1072-051D-48D5-96BF-54D08B20A99B}.Release|x64.ActiveCfg = Release|Any CPU
		{890C1072-051D-48D5-96BF-54D08B20A99B}.Release|x64.Build.0 = Release|Any CPU
		{890C1072-051D-48D5-96BF-54D08B20A99B}.Release|x64.Deploy.0 = Release|Any CPU
		{890C1072-051D-48D5-96BF-54D08B20A99B}.Release|x86.ActiveCfg = Release|Any CPU
		{890C1072-051D-48D5-96BF-54D08B20A99B}.Release|x86.Build.0 = Release|Any CPU
		{890C1072-051D-48D5-96BF-54D08B20A99B}.Release|x86.Deploy.0 = Release|Any CPU
		{895617A0-EAA7-4606-AEC5-7E1F2D93665A}.Ad-Hoc|Any CPU.ActiveCfg = Ad-Hoc|iPhone
		{895617A0-EAA7-4606-AEC5-7E1F2D93665A}.Ad-Hoc|ARM.ActiveCfg = Ad-Hoc|iPhone
		{895617A0-EAA7-4606-AEC5-7E1F2D93665A}.Ad-Hoc|iPhone.ActiveCfg = Ad-Hoc|iPhone
		{895617A0-EAA7-4606-AEC5-7E1F2D93665A}.Ad-Hoc|iPhone.Build.0 = Ad-Hoc|iPhone
		{895617A0-EAA7-4606-AEC5-7E1F2D93665A}.Ad-Hoc|iPhoneSimulator.ActiveCfg = Ad-Hoc|iPhoneSimulator
		{895617A0-EAA7-4606-AEC5-7E1F2D93665A}.Ad-Hoc|iPhoneSimulator.Build.0 = Ad-Hoc|iPhoneSimulator
		{895617A0-EAA7-4606-AEC5-7E1F2D93665A}.Ad-Hoc|x64.ActiveCfg = Ad-Hoc|iPhone
		{895617A0-EAA7-4606-AEC5-7E1F2D93665A}.Ad-Hoc|x86.ActiveCfg = Ad-Hoc|iPhone
		{895617A0-EAA7-4606-AEC5-7E1F2D93665A}.AppStore|Any CPU.ActiveCfg = AppStore|iPhone
		{895617A0-EAA7-4606-AEC5-7E1F2D93665A}.AppStore|ARM.ActiveCfg = AppStore|iPhone
		{895617A0-EAA7-4606-AEC5-7E1F2D93665A}.AppStore|iPhone.ActiveCfg = AppStore|iPhone
		{895617A0-EAA7-4606-AEC5-7E1F2D93665A}.AppStore|iPhone.Build.0 = AppStore|iPhone
		{895617A0-EAA7-4606-AEC5-7E1F2D93665A}.AppStore|iPhoneSimulator.ActiveCfg = AppStore|iPhoneSimulator
		{895617A0-EAA7-4606-AEC5-7E1F2D93665A}.AppStore|iPhoneSimulator.Build.0 = AppStore|iPhoneSimulator
		{895617A0-EAA7-4606-AEC5-7E1F2D93665A}.AppStore|x64.ActiveCfg = AppStore|iPhone
		{895617A0-EAA7-4606-AEC5-7E1F2D93665A}.AppStore|x86.ActiveCfg = AppStore|iPhone
		{895617A0-EAA7-4606-AEC5-7E1F2D93665A}.Debug|Any CPU.ActiveCfg = Debug|iPhone
		{895617A0-EAA7-4606-AEC5-7E1F2D93665A}.Debug|ARM.ActiveCfg = Debug|iPhone
		{895617A0-EAA7-4606-AEC5-7E1F2D93665A}.Debug|iPhone.ActiveCfg = Debug|iPhone
		{895617A0-EAA7-4606-AEC5-7E1F2D93665A}.Debug|iPhone.Build.0 = Debug|iPhone
		{895617A0-EAA7-4606-AEC5-7E1F2D93665A}.Debug|iPhoneSimulator.ActiveCfg = Debug|iPhoneSimulator
		{895617A0-EAA7-4606-AEC5-7E1F2D93665A}.Debug|iPhoneSimulator.Build.0 = Debug|iPhoneSimulator
		{895617A0-EAA7-4606-AEC5-7E1F2D93665A}.Debug|x64.ActiveCfg = Debug|iPhone
		{895617A0-EAA7-4606-AEC5-7E1F2D93665A}.Debug|x86.ActiveCfg = Debug|iPhone
		{895617A0-EAA7-4606-AEC5-7E1F2D93665A}.Release|Any CPU.ActiveCfg = Release|iPhone
		{895617A0-EAA7-4606-AEC5-7E1F2D93665A}.Release|ARM.ActiveCfg = Release|iPhone
		{895617A0-EAA7-4606-AEC5-7E1F2D93665A}.Release|iPhone.ActiveCfg = Release|iPhone
		{895617A0-EAA7-4606-AEC5-7E1F2D93665A}.Release|iPhone.Build.0 = Release|iPhone
		{895617A0-EAA7-4606-AEC5-7E1F2D93665A}.Release|iPhoneSimulator.ActiveCfg = Release|iPhoneSimulator
		{895617A0-EAA7-4606-AEC5-7E1F2D93665A}.Release|iPhoneSimulator.Build.0 = Release|iPhoneSimulator
		{895617A0-EAA7-4606-AEC5-7E1F2D93665A}.Release|x64.ActiveCfg = Release|iPhone
		{895617A0-EAA7-4606-AEC5-7E1F2D93665A}.Release|x86.ActiveCfg = Release|iPhone
		{FD90F699-0406-458D-9B4F-EDBCD72C8CAD}.Ad-Hoc|Any CPU.ActiveCfg = Release|x86
		{FD90F699-0406-458D-9B4F-EDBCD72C8CAD}.Ad-Hoc|Any CPU.Build.0 = Release|x86
		{FD90F699-0406-458D-9B4F-EDBCD72C8CAD}.Ad-Hoc|Any CPU.Deploy.0 = Release|x86
		{FD90F699-0406-458D-9B4F-EDBCD72C8CAD}.Ad-Hoc|ARM.ActiveCfg = Release|ARM
		{FD90F699-0406-458D-9B4F-EDBCD72C8CAD}.Ad-Hoc|ARM.Build.0 = Release|ARM
		{FD90F699-0406-458D-9B4F-EDBCD72C8CAD}.Ad-Hoc|ARM.Deploy.0 = Release|ARM
		{FD90F699-0406-458D-9B4F-EDBCD72C8CAD}.Ad-Hoc|iPhone.ActiveCfg = Release|x86
		{FD90F699-0406-458D-9B4F-EDBCD72C8CAD}.Ad-Hoc|iPhone.Build.0 = Release|x86
		{FD90F699-0406-458D-9B4F-EDBCD72C8CAD}.Ad-Hoc|iPhone.Deploy.0 = Release|x86
		{FD90F699-0406-458D-9B4F-EDBCD72C8CAD}.Ad-Hoc|iPhoneSimulator.ActiveCfg = Release|x86
		{FD90F699-0406-458D-9B4F-EDBCD72C8CAD}.Ad-Hoc|iPhoneSimulator.Build.0 = Release|x86
		{FD90F699-0406-458D-9B4F-EDBCD72C8CAD}.Ad-Hoc|iPhoneSimulator.Deploy.0 = Release|x86
		{FD90F699-0406-458D-9B4F-EDBCD72C8CAD}.Ad-Hoc|x64.ActiveCfg = Release|x64
		{FD90F699-0406-458D-9B4F-EDBCD72C8CAD}.Ad-Hoc|x64.Build.0 = Release|x64
		{FD90F699-0406-458D-9B4F-EDBCD72C8CAD}.Ad-Hoc|x64.Deploy.0 = Release|x64
		{FD90F699-0406-458D-9B4F-EDBCD72C8CAD}.Ad-Hoc|x86.ActiveCfg = Release|x86
		{FD90F699-0406-458D-9B4F-EDBCD72C8CAD}.Ad-Hoc|x86.Build.0 = Release|x86
		{FD90F699-0406-458D-9B4F-EDBCD72C8CAD}.Ad-Hoc|x86.Deploy.0 = Release|x86
		{FD90F699-0406-458D-9B4F-EDBCD72C8CAD}.AppStore|Any CPU.ActiveCfg = Release|x86
		{FD90F699-0406-458D-9B4F-EDBCD72C8CAD}.AppStore|Any CPU.Build.0 = Release|x86
		{FD90F699-0406-458D-9B4F-EDBCD72C8CAD}.AppStore|Any CPU.Deploy.0 = Release|x86
		{FD90F699-0406-458D-9B4F-EDBCD72C8CAD}.AppStore|ARM.ActiveCfg = Release|ARM
		{FD90F699-0406-458D-9B4F-EDBCD72C8CAD}.AppStore|ARM.Build.0 = Release|ARM
		{FD90F699-0406-458D-9B4F-EDBCD72C8CAD}.AppStore|ARM.Deploy.0 = Release|ARM
		{FD90F699-0406-458D-9B4F-EDBCD72C8CAD}.AppStore|iPhone.ActiveCfg = Release|x86
		{FD90F699-0406-458D-9B4F-EDBCD72C8CAD}.AppStore|iPhone.Build.0 = Release|x86
		{FD90F699-0406-458D-9B4F-EDBCD72C8CAD}.AppStore|iPhone.Deploy.0 = Release|x86
		{FD90F699-0406-458D-9B4F-EDBCD72C8CAD}.AppStore|iPhoneSimulator.ActiveCfg = Release|x86
		{FD90F699-0406-458D-9B4F-EDBCD72C8CAD}.AppStore|iPhoneSimulator.Build.0 = Release|x86
		{FD90F699-0406-458D-9B4F-EDBCD72C8CAD}.AppStore|iPhoneSimulator.Deploy.0 = Release|x86
		{FD90F699-0406-458D-9B4F-EDBCD72C8CAD}.AppStore|x64.ActiveCfg = Release|x64
		{FD90F699-0406-458D-9B4F-EDBCD72C8CAD}.AppStore|x64.Build.0 = Release|x64
		{FD90F699-0406-458D-9B4F-EDBCD72C8CAD}.AppStore|x64.Deploy.0 = Release|x64
		{FD90F699-0406-458D-9B4F-EDBCD72C8CAD}.AppStore|x86.ActiveCfg = Release|x86
		{FD90F699-0406-458D-9B4F-EDBCD72C8CAD}.AppStore|x86.Build.0 = Release|x86
		{FD90F699-0406-458D-9B4F-EDBCD72C8CAD}.AppStore|x86.Deploy.0 = Release|x86
		{FD90F699-0406-458D-9B4F-EDBCD72C8CAD}.Debug|Any CPU.ActiveCfg = Debug|x86
		{FD90F699-0406-458D-9B4F-EDBCD72C8CAD}.Debug|ARM.ActiveCfg = Debug|ARM
		{FD90F699-0406-458D-9B4F-EDBCD72C8CAD}.Debug|ARM.Build.0 = Debug|ARM
		{FD90F699-0406-458D-9B4F-EDBCD72C8CAD}.Debug|ARM.Deploy.0 = Debug|ARM
		{FD90F699-0406-458D-9B4F-EDBCD72C8CAD}.Debug|iPhone.ActiveCfg = Debug|x86
		{FD90F699-0406-458D-9B4F-EDBCD72C8CAD}.Debug|iPhoneSimulator.ActiveCfg = Debug|x86
		{FD90F699-0406-458D-9B4F-EDBCD72C8CAD}.Debug|x64.ActiveCfg = Debug|x64
		{FD90F699-0406-458D-9B4F-EDBCD72C8CAD}.Debug|x64.Build.0 = Debug|x64
		{FD90F699-0406-458D-9B4F-EDBCD72C8CAD}.Debug|x64.Deploy.0 = Debug|x64
		{FD90F699-0406-458D-9B4F-EDBCD72C8CAD}.Debug|x86.ActiveCfg = Debug|x86
		{FD90F699-0406-458D-9B4F-EDBCD72C8CAD}.Debug|x86.Build.0 = Debug|x86
		{FD90F699-0406-458D-9B4F-EDBCD72C8CAD}.Debug|x86.Deploy.0 = Debug|x86
		{FD90F699-0406-458D-9B4F-EDBCD72C8CAD}.Release|Any CPU.ActiveCfg = Release|x86
		{FD90F699-0406-458D-9B4F-EDBCD72C8CAD}.Release|ARM.ActiveCfg = Release|ARM
		{FD90F699-0406-458D-9B4F-EDBCD72C8CAD}.Release|ARM.Build.0 = Release|ARM
		{FD90F699-0406-458D-9B4F-EDBCD72C8CAD}.Release|ARM.Deploy.0 = Release|ARM
		{FD90F699-0406-458D-9B4F-EDBCD72C8CAD}.Release|iPhone.ActiveCfg = Release|x86
		{FD90F699-0406-458D-9B4F-EDBCD72C8CAD}.Release|iPhoneSimulator.ActiveCfg = Release|x86
		{FD90F699-0406-458D-9B4F-EDBCD72C8CAD}.Release|x64.ActiveCfg = Release|x64
		{FD90F699-0406-458D-9B4F-EDBCD72C8CAD}.Release|x64.Build.0 = Release|x64
		{FD90F699-0406-458D-9B4F-EDBCD72C8CAD}.Release|x64.Deploy.0 = Release|x64
		{FD90F699-0406-458D-9B4F-EDBCD72C8CAD}.Release|x86.ActiveCfg = Release|x86
		{FD90F699-0406-458D-9B4F-EDBCD72C8CAD}.Release|x86.Build.0 = Release|x86
		{FD90F699-0406-458D-9B4F-EDBCD72C8CAD}.Release|x86.Deploy.0 = Release|x86
	EndGlobalSection
	GlobalSection(SolutionProperties) = preSolution
		HideSolutionNode = FALSE
	EndGlobalSection
	GlobalSection(ExtensibilityGlobals) = postSolution
		SolutionGuid = {0482975A-9F22-41CC-8DC8-B5477B27F189}
	EndGlobalSection
EndGlobal
